// !$*UTF8*$!
{
	archiveVersion = 1;
	classes = {
	};
	objectVersion = 46;
	objects = {

/* Begin PBXBuildFile section */
		A402249F1A83D39B006AF7E4 /* Fonts.swift in Sources */ = {isa = PBXBuildFile; fileRef = A402249E1A83D39B006AF7E4 /* Fonts.swift */; };
		A4230E491A99C71000B31ECA /* SuccessView.swift in Sources */ = {isa = PBXBuildFile; fileRef = A4230E481A99C71000B31ECA /* SuccessView.swift */; };
		A42703641A7E7A42005159AC /* Color.swift in Sources */ = {isa = PBXBuildFile; fileRef = A42703631A7E7A42005159AC /* Color.swift */; };
		A42703671A7F39DD005159AC /* Util.swift in Sources */ = {isa = PBXBuildFile; fileRef = A42703661A7F39DD005159AC /* Util.swift */; };
		A427037A1A7F7924005159AC /* ApplicationController.swift in Sources */ = {isa = PBXBuildFile; fileRef = A42703791A7F7924005159AC /* ApplicationController.swift */; };
		A427037C1A7FA272005159AC /* ArticleForChineseController.swift in Sources */ = {isa = PBXBuildFile; fileRef = A427037B1A7FA272005159AC /* ArticleForChineseController.swift */; };
		A427037E1A7FA38D005159AC /* ArticleForEnglishController.swift in Sources */ = {isa = PBXBuildFile; fileRef = A427037D1A7FA38D005159AC /* ArticleForEnglishController.swift */; };
		A42703801A7FA462005159AC /* LearnWordController.swift in Sources */ = {isa = PBXBuildFile; fileRef = A427037F1A7FA462005159AC /* LearnWordController.swift */; };
		A42703821A7FA4E2005159AC /* WordDetailController.swift in Sources */ = {isa = PBXBuildFile; fileRef = A42703811A7FA4E2005159AC /* WordDetailController.swift */; };
		A42703841A7FB5F2005159AC /* StatisticsController.swift in Sources */ = {isa = PBXBuildFile; fileRef = A42703831A7FB5F2005159AC /* StatisticsController.swift */; };
		A42703861A7FB729005159AC /* SettingsController.swift in Sources */ = {isa = PBXBuildFile; fileRef = A42703851A7FB729005159AC /* SettingsController.swift */; };
		A42703881A7FB7BE005159AC /* AccountController.swift in Sources */ = {isa = PBXBuildFile; fileRef = A42703871A7FB7BE005159AC /* AccountController.swift */; };
		A427038A1A8092AF005159AC /* SearchWordResultController.swift in Sources */ = {isa = PBXBuildFile; fileRef = A42703891A8092AF005159AC /* SearchWordResultController.swift */; };
		A427038C1A809891005159AC /* HelpController.swift in Sources */ = {isa = PBXBuildFile; fileRef = A427038B1A809891005159AC /* HelpController.swift */; };
		A427038E1A809D46005159AC /* FavouriteArticleController.swift in Sources */ = {isa = PBXBuildFile; fileRef = A427038D1A809D46005159AC /* FavouriteArticleController.swift */; };
		A42703931A812AB0005159AC /* PageCode.swift in Sources */ = {isa = PBXBuildFile; fileRef = A42703921A812AB0005159AC /* PageCode.swift */; };
		A44D1FC01A9A2E4D007F3F1E /* libsqlite3.dylib in Frameworks */ = {isa = PBXBuildFile; fileRef = A44D1FBF1A9A2E4D007F3F1E /* libsqlite3.dylib */; };
		A44D1FCF1A9A2EF7007F3F1E /* Database.swift in Sources */ = {isa = PBXBuildFile; fileRef = A44D1FC21A9A2EF7007F3F1E /* Database.swift */; };
		A44D1FD01A9A2EF7007F3F1E /* Expression.swift in Sources */ = {isa = PBXBuildFile; fileRef = A44D1FC31A9A2EF7007F3F1E /* Expression.swift */; };
		A44D1FD11A9A2EF7007F3F1E /* Functions.swift in Sources */ = {isa = PBXBuildFile; fileRef = A44D1FC41A9A2EF7007F3F1E /* Functions.swift */; };
		A44D1FD21A9A2EF7007F3F1E /* Info.plist in Resources */ = {isa = PBXBuildFile; fileRef = A44D1FC51A9A2EF7007F3F1E /* Info.plist */; };
		A44D1FD31A9A2EF7007F3F1E /* Query.swift in Sources */ = {isa = PBXBuildFile; fileRef = A44D1FC61A9A2EF7007F3F1E /* Query.swift */; };
		A44D1FD41A9A2EF7007F3F1E /* Schema.swift in Sources */ = {isa = PBXBuildFile; fileRef = A44D1FC71A9A2EF7007F3F1E /* Schema.swift */; };
		A44D1FD51A9A2EF7007F3F1E /* SQLite-Bridging.c in Sources */ = {isa = PBXBuildFile; fileRef = A44D1FC91A9A2EF7007F3F1E /* SQLite-Bridging.c */; };
		A44D1FD61A9A2EF7007F3F1E /* SQLite.xcconfig in Resources */ = {isa = PBXBuildFile; fileRef = A44D1FCC1A9A2EF7007F3F1E /* SQLite.xcconfig */; };
		A44D1FD71A9A2EF7007F3F1E /* Statement.swift in Sources */ = {isa = PBXBuildFile; fileRef = A44D1FCD1A9A2EF7007F3F1E /* Statement.swift */; };
		A44D1FD81A9A2EF7007F3F1E /* Value.swift in Sources */ = {isa = PBXBuildFile; fileRef = A44D1FCE1A9A2EF7007F3F1E /* Value.swift */; };
		A44D1FDD1A9B1B72007F3F1E /* EventKey.swift in Sources */ = {isa = PBXBuildFile; fileRef = A44D1FDC1A9B1B72007F3F1E /* EventKey.swift */; };
		A4541F891A849A3400EAA761 /* 方正楷体简体.ttf in Resources */ = {isa = PBXBuildFile; fileRef = A4541F881A849A3400EAA761 /* 方正楷体简体.ttf */; };
		A4541F901A84B01E00EAA761 /* Layer.swift in Sources */ = {isa = PBXBuildFile; fileRef = A4541F8F1A84B01E00EAA761 /* Layer.swift */; };
		A4541F921A850CF500EAA761 /* ChangePasswordController.swift in Sources */ = {isa = PBXBuildFile; fileRef = A4541F911A850CF500EAA761 /* ChangePasswordController.swift */; };
		A4541F941A851BE300EAA761 /* BuyHolyWaterController.swift in Sources */ = {isa = PBXBuildFile; fileRef = A4541F931A851BE300EAA761 /* BuyHolyWaterController.swift */; };
		A4541F961A85D16A00EAA761 /* HolyWaterInfoController.swift in Sources */ = {isa = PBXBuildFile; fileRef = A4541F951A85D16A00EAA761 /* HolyWaterInfoController.swift */; };
		A4541F981A85D35500EAA761 /* RegisterController.swift in Sources */ = {isa = PBXBuildFile; fileRef = A4541F971A85D35500EAA761 /* RegisterController.swift */; };
		A4541F9A1A85DD0F00EAA761 /* LoginController.swift in Sources */ = {isa = PBXBuildFile; fileRef = A4541F991A85DD0F00EAA761 /* LoginController.swift */; };
		A482C83E1A98D226008D313A /* CacheKey.swift in Sources */ = {isa = PBXBuildFile; fileRef = A482C83D1A98D226008D313A /* CacheKey.swift */; };
		A482C8411A98E1F4008D313A /* ErrorView.swift in Sources */ = {isa = PBXBuildFile; fileRef = A482C8401A98E1F4008D313A /* ErrorView.swift */; };
		A4A8B60A1A7A563300C59E63 /* AppDelegate.swift in Sources */ = {isa = PBXBuildFile; fileRef = A4A8B6091A7A563300C59E63 /* AppDelegate.swift */; };
		A4A8B6111A7A563300C59E63 /* Images.xcassets in Resources */ = {isa = PBXBuildFile; fileRef = A4A8B6101A7A563300C59E63 /* Images.xcassets */; };
		A4A8B6141A7A563300C59E63 /* LaunchScreen.xib in Resources */ = {isa = PBXBuildFile; fileRef = A4A8B6121A7A563300C59E63 /* LaunchScreen.xib */; };
		A4A8B6201A7A563300C59E63 /* wordsTests.swift in Sources */ = {isa = PBXBuildFile; fileRef = A4A8B61F1A7A563300C59E63 /* wordsTests.swift */; };
		A4A8B62A1A7A58E300C59E63 /* HomeController.swift in Sources */ = {isa = PBXBuildFile; fileRef = A4A8B6291A7A58E300C59E63 /* HomeController.swift */; };
		A4A8B62C1A7A59CB00C59E63 /* RankController.swift in Sources */ = {isa = PBXBuildFile; fileRef = A4A8B62B1A7A59CB00C59E63 /* RankController.swift */; };
		A4A8B62E1A7A633C00C59E63 /* API.swift in Sources */ = {isa = PBXBuildFile; fileRef = A4A8B62D1A7A633C00C59E63 /* API.swift */; };
		A4A8B6301A7AA1A100C59E63 /* APIDataDelegate.swift in Sources */ = {isa = PBXBuildFile; fileRef = A4A8B62F1A7AA1A100C59E63 /* APIDataDelegate.swift */; };
		A4A8B6321A7B663A00C59E63 /* Error.swift in Sources */ = {isa = PBXBuildFile; fileRef = A4A8B6311A7B663A00C59E63 /* Error.swift */; };
		A4A8B6361A7BB56200C59E63 /* DictionaryController.swift in Sources */ = {isa = PBXBuildFile; fileRef = A4A8B6351A7BB56200C59E63 /* DictionaryController.swift */; };
		A4B9B1341A8783FE004B7A20 /* Interaction.swift in Sources */ = {isa = PBXBuildFile; fileRef = A4B9B1331A8783FE004B7A20 /* Interaction.swift */; };
		A4B9B1361A87B71A004B7A20 /* DictionaryInfoController.swift in Sources */ = {isa = PBXBuildFile; fileRef = A4B9B1351A87B71A004B7A20 /* DictionaryInfoController.swift */; };
		A4D09DDF1A99FEF500360AEB /* DictionaryInfoDelegate.swift in Sources */ = {isa = PBXBuildFile; fileRef = A4D09DDE1A99FEF500360AEB /* DictionaryInfoDelegate.swift */; };
		A4D0FF751A9B9A2500A28CBD /* Word.swift in Sources */ = {isa = PBXBuildFile; fileRef = A4D0FF741A9B9A2500A28CBD /* Word.swift */; };
		A4D0FF771A9BA8E600A28CBD /* DictionaryUtil.swift in Sources */ = {isa = PBXBuildFile; fileRef = A4D0FF761A9BA8E600A28CBD /* DictionaryUtil.swift */; };
		A4D0FF791A9C967100A28CBD /* TapPointView.swift in Sources */ = {isa = PBXBuildFile; fileRef = A4D0FF781A9C967100A28CBD /* TapPointView.swift */; };
		A4D3E4731AA76B25003883EF /* libMobClickLibrary.a in Frameworks */ = {isa = PBXBuildFile; fileRef = A4D3E4711AA76B25003883EF /* libMobClickLibrary.a */; };
		A4D3E4751AA76B48003883EF /* libz.dylib in Frameworks */ = {isa = PBXBuildFile; fileRef = A4D3E4741AA76B48003883EF /* libz.dylib */; };
		A4D5EFA81AA0E302008E064C /* DateUtil.swift in Sources */ = {isa = PBXBuildFile; fileRef = A4D5EFA71AA0E302008E064C /* DateUtil.swift */; };
		A4D5EFAC1AA2F505008E064C /* Crypto.m in Sources */ = {isa = PBXBuildFile; fileRef = A4D5EFAB1AA2F505008E064C /* Crypto.m */; };
		A4D5EFAF1AA2FF27008E064C /* RSA.m in Sources */ = {isa = PBXBuildFile; fileRef = A4D5EFAE1AA2FF27008E064C /* RSA.m */; };
		A4D5EFB11AA302A9008E064C /* PublicKey.swift in Sources */ = {isa = PBXBuildFile; fileRef = A4D5EFB01AA302A9008E064C /* PublicKey.swift */; };
		A4DFB85C1A9472F90086105C /* RegularExpression.swift in Sources */ = {isa = PBXBuildFile; fileRef = A4DFB85B1A9472F90086105C /* RegularExpression.swift */; };
		A4DFB85E1A9480120086105C /* WordDetailDelegate.swift in Sources */ = {isa = PBXBuildFile; fileRef = A4DFB85D1A9480120086105C /* WordDetailDelegate.swift */; };
		A4DFB8601A9487F50086105C /* SearchWordResultDelegate.swift in Sources */ = {isa = PBXBuildFile; fileRef = A4DFB85F1A9487F50086105C /* SearchWordResultDelegate.swift */; };
		A4DFB8621A95BC400086105C /* LearnWordDelegate.swift in Sources */ = {isa = PBXBuildFile; fileRef = A4DFB8611A95BC400086105C /* LearnWordDelegate.swift */; };
		A4DFB8661A9610C10086105C /* ArticleForEnglishDelegate.swift in Sources */ = {isa = PBXBuildFile; fileRef = A4DFB8651A9610C10086105C /* ArticleForEnglishDelegate.swift */; };
		A4DFB8681A96214D0086105C /* ArticleForChineseDelegate.swift in Sources */ = {isa = PBXBuildFile; fileRef = A4DFB8671A96214D0086105C /* ArticleForChineseDelegate.swift */; };
		A4E9F2261A9E5165008FB300 /* FXBlurView.m in Sources */ = {isa = PBXBuildFile; fileRef = A4E9F2251A9E5165008FB300 /* FXBlurView.m */; };
		A4E9F22A1A9F0E5F008FB300 /* UAProgressView.m in Sources */ = {isa = PBXBuildFile; fileRef = A4E9F2291A9F0E5F008FB300 /* UAProgressView.m */; };
		A4E9F22C1AA06DA1008FB300 /* Constant.swift in Sources */ = {isa = PBXBuildFile; fileRef = A4E9F22B1AA06DA1008FB300 /* Constant.swift */; };
		A4EBCE9D1A9795F6004AB958 /* Server.swift in Sources */ = {isa = PBXBuildFile; fileRef = A4EBCE9C1A9795F6004AB958 /* Server.swift */; };
		A4FE61331AA57FFB000198A6 /* SystemConfiguration.framework in Frameworks */ = {isa = PBXBuildFile; fileRef = A4FE61321AA57FFB000198A6 /* SystemConfiguration.framework */; };
		A4FE61371AA5823C000198A6 /* Reachability.m in Sources */ = {isa = PBXBuildFile; fileRef = A4FE61361AA5823C000198A6 /* Reachability.m */; };
/* End PBXBuildFile section */

/* Begin PBXContainerItemProxy section */
		A4A8B61A1A7A563300C59E63 /* PBXContainerItemProxy */ = {
			isa = PBXContainerItemProxy;
			containerPortal = A4A8B5FC1A7A563300C59E63 /* Project object */;
			proxyType = 1;
			remoteGlobalIDString = A4A8B6031A7A563300C59E63;
			remoteInfo = words;
		};
/* End PBXContainerItemProxy section */

/* Begin PBXCopyFilesBuildPhase section */
		A44D1FBA1A9A2B85007F3F1E /* CopyFiles */ = {
			isa = PBXCopyFilesBuildPhase;
			buildActionMask = 2147483647;
			dstPath = "";
			dstSubfolderSpec = 10;
			files = (
			);
			runOnlyForDeploymentPostprocessing = 0;
		};
/* End PBXCopyFilesBuildPhase section */

/* Begin PBXFileReference section */
		A402249E1A83D39B006AF7E4 /* Fonts.swift */ = {isa = PBXFileReference; fileEncoding = 4; lastKnownFileType = sourcecode.swift; path = Fonts.swift; sourceTree = "<group>"; };
		A4230E481A99C71000B31ECA /* SuccessView.swift */ = {isa = PBXFileReference; fileEncoding = 4; lastKnownFileType = sourcecode.swift; path = SuccessView.swift; sourceTree = "<group>"; };
		A42703631A7E7A42005159AC /* Color.swift */ = {isa = PBXFileReference; fileEncoding = 4; lastKnownFileType = sourcecode.swift; path = Color.swift; sourceTree = "<group>"; };
		A42703661A7F39DD005159AC /* Util.swift */ = {isa = PBXFileReference; fileEncoding = 4; lastKnownFileType = sourcecode.swift; path = Util.swift; sourceTree = "<group>"; };
		A42703791A7F7924005159AC /* ApplicationController.swift */ = {isa = PBXFileReference; fileEncoding = 4; lastKnownFileType = sourcecode.swift; path = ApplicationController.swift; sourceTree = "<group>"; };
		A427037B1A7FA272005159AC /* ArticleForChineseController.swift */ = {isa = PBXFileReference; fileEncoding = 4; lastKnownFileType = sourcecode.swift; path = ArticleForChineseController.swift; sourceTree = "<group>"; };
		A427037D1A7FA38D005159AC /* ArticleForEnglishController.swift */ = {isa = PBXFileReference; fileEncoding = 4; lastKnownFileType = sourcecode.swift; path = ArticleForEnglishController.swift; sourceTree = "<group>"; };
		A427037F1A7FA462005159AC /* LearnWordController.swift */ = {isa = PBXFileReference; fileEncoding = 4; lastKnownFileType = sourcecode.swift; path = LearnWordController.swift; sourceTree = "<group>"; };
		A42703811A7FA4E2005159AC /* WordDetailController.swift */ = {isa = PBXFileReference; fileEncoding = 4; lastKnownFileType = sourcecode.swift; path = WordDetailController.swift; sourceTree = "<group>"; };
		A42703831A7FB5F2005159AC /* StatisticsController.swift */ = {isa = PBXFileReference; fileEncoding = 4; lastKnownFileType = sourcecode.swift; path = StatisticsController.swift; sourceTree = "<group>"; };
		A42703851A7FB729005159AC /* SettingsController.swift */ = {isa = PBXFileReference; fileEncoding = 4; lastKnownFileType = sourcecode.swift; path = SettingsController.swift; sourceTree = "<group>"; };
		A42703871A7FB7BE005159AC /* AccountController.swift */ = {isa = PBXFileReference; fileEncoding = 4; lastKnownFileType = sourcecode.swift; path = AccountController.swift; sourceTree = "<group>"; };
		A42703891A8092AF005159AC /* SearchWordResultController.swift */ = {isa = PBXFileReference; fileEncoding = 4; lastKnownFileType = sourcecode.swift; path = SearchWordResultController.swift; sourceTree = "<group>"; };
		A427038B1A809891005159AC /* HelpController.swift */ = {isa = PBXFileReference; fileEncoding = 4; lastKnownFileType = sourcecode.swift; path = HelpController.swift; sourceTree = "<group>"; };
		A427038D1A809D46005159AC /* FavouriteArticleController.swift */ = {isa = PBXFileReference; fileEncoding = 4; lastKnownFileType = sourcecode.swift; path = FavouriteArticleController.swift; sourceTree = "<group>"; };
		A42703921A812AB0005159AC /* PageCode.swift */ = {isa = PBXFileReference; fileEncoding = 4; lastKnownFileType = sourcecode.swift; path = PageCode.swift; sourceTree = "<group>"; };
		A44D1FBF1A9A2E4D007F3F1E /* libsqlite3.dylib */ = {isa = PBXFileReference; lastKnownFileType = "compiled.mach-o.dylib"; name = libsqlite3.dylib; path = usr/lib/libsqlite3.dylib; sourceTree = SDKROOT; };
		A44D1FC21A9A2EF7007F3F1E /* Database.swift */ = {isa = PBXFileReference; fileEncoding = 4; lastKnownFileType = sourcecode.swift; path = Database.swift; sourceTree = "<group>"; };
		A44D1FC31A9A2EF7007F3F1E /* Expression.swift */ = {isa = PBXFileReference; fileEncoding = 4; lastKnownFileType = sourcecode.swift; path = Expression.swift; sourceTree = "<group>"; };
		A44D1FC41A9A2EF7007F3F1E /* Functions.swift */ = {isa = PBXFileReference; fileEncoding = 4; lastKnownFileType = sourcecode.swift; path = Functions.swift; sourceTree = "<group>"; };
		A44D1FC51A9A2EF7007F3F1E /* Info.plist */ = {isa = PBXFileReference; fileEncoding = 4; lastKnownFileType = text.plist.xml; path = Info.plist; sourceTree = "<group>"; };
		A44D1FC61A9A2EF7007F3F1E /* Query.swift */ = {isa = PBXFileReference; fileEncoding = 4; lastKnownFileType = sourcecode.swift; path = Query.swift; sourceTree = "<group>"; };
		A44D1FC71A9A2EF7007F3F1E /* Schema.swift */ = {isa = PBXFileReference; fileEncoding = 4; lastKnownFileType = sourcecode.swift; path = Schema.swift; sourceTree = "<group>"; };
		A44D1FC81A9A2EF7007F3F1E /* SQLite-Bridging-Header.h */ = {isa = PBXFileReference; fileEncoding = 4; lastKnownFileType = sourcecode.c.h; path = "SQLite-Bridging-Header.h"; sourceTree = "<group>"; };
		A44D1FC91A9A2EF7007F3F1E /* SQLite-Bridging.c */ = {isa = PBXFileReference; fileEncoding = 4; lastKnownFileType = sourcecode.c.c; path = "SQLite-Bridging.c"; sourceTree = "<group>"; };
		A44D1FCA1A9A2EF7007F3F1E /* SQLite-Bridging.h */ = {isa = PBXFileReference; fileEncoding = 4; lastKnownFileType = sourcecode.c.h; path = "SQLite-Bridging.h"; sourceTree = "<group>"; };
		A44D1FCB1A9A2EF7007F3F1E /* SQLite.swift.h */ = {isa = PBXFileReference; fileEncoding = 4; lastKnownFileType = sourcecode.c.h; path = SQLite.swift.h; sourceTree = "<group>"; };
		A44D1FCC1A9A2EF7007F3F1E /* SQLite.xcconfig */ = {isa = PBXFileReference; fileEncoding = 4; lastKnownFileType = text.xcconfig; path = SQLite.xcconfig; sourceTree = "<group>"; };
		A44D1FCD1A9A2EF7007F3F1E /* Statement.swift */ = {isa = PBXFileReference; fileEncoding = 4; lastKnownFileType = sourcecode.swift; path = Statement.swift; sourceTree = "<group>"; };
		A44D1FCE1A9A2EF7007F3F1E /* Value.swift */ = {isa = PBXFileReference; fileEncoding = 4; lastKnownFileType = sourcecode.swift; path = Value.swift; sourceTree = "<group>"; };
		A44D1FDB1A9A2FEE007F3F1E /* Word-Bridging-Header.h */ = {isa = PBXFileReference; lastKnownFileType = sourcecode.c.h; name = "Word-Bridging-Header.h"; path = "words/Word-Bridging-Header.h"; sourceTree = "<group>"; };
		A44D1FDC1A9B1B72007F3F1E /* EventKey.swift */ = {isa = PBXFileReference; fileEncoding = 4; lastKnownFileType = sourcecode.swift; path = EventKey.swift; sourceTree = "<group>"; };
		A4541F881A849A3400EAA761 /* 方正楷体简体.ttf */ = {isa = PBXFileReference; lastKnownFileType = file; path = "方正楷体简体.ttf"; sourceTree = "<group>"; };
		A4541F8F1A84B01E00EAA761 /* Layer.swift */ = {isa = PBXFileReference; fileEncoding = 4; lastKnownFileType = sourcecode.swift; path = Layer.swift; sourceTree = "<group>"; };
		A4541F911A850CF500EAA761 /* ChangePasswordController.swift */ = {isa = PBXFileReference; fileEncoding = 4; lastKnownFileType = sourcecode.swift; path = ChangePasswordController.swift; sourceTree = "<group>"; };
		A4541F931A851BE300EAA761 /* BuyHolyWaterController.swift */ = {isa = PBXFileReference; fileEncoding = 4; lastKnownFileType = sourcecode.swift; path = BuyHolyWaterController.swift; sourceTree = "<group>"; };
		A4541F951A85D16A00EAA761 /* HolyWaterInfoController.swift */ = {isa = PBXFileReference; fileEncoding = 4; lastKnownFileType = sourcecode.swift; path = HolyWaterInfoController.swift; sourceTree = "<group>"; };
		A4541F971A85D35500EAA761 /* RegisterController.swift */ = {isa = PBXFileReference; fileEncoding = 4; lastKnownFileType = sourcecode.swift; path = RegisterController.swift; sourceTree = "<group>"; };
		A4541F991A85DD0F00EAA761 /* LoginController.swift */ = {isa = PBXFileReference; fileEncoding = 4; lastKnownFileType = sourcecode.swift; path = LoginController.swift; sourceTree = "<group>"; };
		A482C83D1A98D226008D313A /* CacheKey.swift */ = {isa = PBXFileReference; fileEncoding = 4; lastKnownFileType = sourcecode.swift; path = CacheKey.swift; sourceTree = "<group>"; };
		A482C8401A98E1F4008D313A /* ErrorView.swift */ = {isa = PBXFileReference; fileEncoding = 4; lastKnownFileType = sourcecode.swift; path = ErrorView.swift; sourceTree = "<group>"; };
		A48C26951A988EEC00CCAF74 /* playground.playground */ = {isa = PBXFileReference; lastKnownFileType = file.playground; path = playground.playground; sourceTree = "<group>"; };
		A4A8B6041A7A563300C59E63 /* words.app */ = {isa = PBXFileReference; explicitFileType = wrapper.application; includeInIndex = 0; path = words.app; sourceTree = BUILT_PRODUCTS_DIR; };
		A4A8B6081A7A563300C59E63 /* Info.plist */ = {isa = PBXFileReference; lastKnownFileType = text.plist.xml; path = Info.plist; sourceTree = "<group>"; };
		A4A8B6091A7A563300C59E63 /* AppDelegate.swift */ = {isa = PBXFileReference; lastKnownFileType = sourcecode.swift; path = AppDelegate.swift; sourceTree = "<group>"; };
		A4A8B6101A7A563300C59E63 /* Images.xcassets */ = {isa = PBXFileReference; lastKnownFileType = folder.assetcatalog; path = Images.xcassets; sourceTree = "<group>"; };
		A4A8B6131A7A563300C59E63 /* Base */ = {isa = PBXFileReference; lastKnownFileType = file.xib; name = Base; path = Base.lproj/LaunchScreen.xib; sourceTree = "<group>"; };
		A4A8B6191A7A563300C59E63 /* wordsTests.xctest */ = {isa = PBXFileReference; explicitFileType = wrapper.cfbundle; includeInIndex = 0; path = wordsTests.xctest; sourceTree = BUILT_PRODUCTS_DIR; };
		A4A8B61E1A7A563300C59E63 /* Info.plist */ = {isa = PBXFileReference; lastKnownFileType = text.plist.xml; path = Info.plist; sourceTree = "<group>"; };
		A4A8B61F1A7A563300C59E63 /* wordsTests.swift */ = {isa = PBXFileReference; lastKnownFileType = sourcecode.swift; path = wordsTests.swift; sourceTree = "<group>"; };
		A4A8B6291A7A58E300C59E63 /* HomeController.swift */ = {isa = PBXFileReference; fileEncoding = 4; lastKnownFileType = sourcecode.swift; path = HomeController.swift; sourceTree = "<group>"; };
		A4A8B62B1A7A59CB00C59E63 /* RankController.swift */ = {isa = PBXFileReference; fileEncoding = 4; lastKnownFileType = sourcecode.swift; path = RankController.swift; sourceTree = "<group>"; };
		A4A8B62D1A7A633C00C59E63 /* API.swift */ = {isa = PBXFileReference; fileEncoding = 4; lastKnownFileType = sourcecode.swift; path = API.swift; sourceTree = "<group>"; };
		A4A8B62F1A7AA1A100C59E63 /* APIDataDelegate.swift */ = {isa = PBXFileReference; fileEncoding = 4; lastKnownFileType = sourcecode.swift; path = APIDataDelegate.swift; sourceTree = "<group>"; };
		A4A8B6311A7B663A00C59E63 /* Error.swift */ = {isa = PBXFileReference; fileEncoding = 4; lastKnownFileType = sourcecode.swift; path = Error.swift; sourceTree = "<group>"; };
		A4A8B6351A7BB56200C59E63 /* DictionaryController.swift */ = {isa = PBXFileReference; fileEncoding = 4; lastKnownFileType = sourcecode.swift; path = DictionaryController.swift; sourceTree = "<group>"; };
		A4B9B1331A8783FE004B7A20 /* Interaction.swift */ = {isa = PBXFileReference; fileEncoding = 4; lastKnownFileType = sourcecode.swift; path = Interaction.swift; sourceTree = "<group>"; };
		A4B9B1351A87B71A004B7A20 /* DictionaryInfoController.swift */ = {isa = PBXFileReference; fileEncoding = 4; lastKnownFileType = sourcecode.swift; path = DictionaryInfoController.swift; sourceTree = "<group>"; };
		A4D09DDE1A99FEF500360AEB /* DictionaryInfoDelegate.swift */ = {isa = PBXFileReference; fileEncoding = 4; lastKnownFileType = sourcecode.swift; path = DictionaryInfoDelegate.swift; sourceTree = "<group>"; };
		A4D0FF741A9B9A2500A28CBD /* Word.swift */ = {isa = PBXFileReference; fileEncoding = 4; lastKnownFileType = sourcecode.swift; path = Word.swift; sourceTree = "<group>"; };
		A4D0FF761A9BA8E600A28CBD /* DictionaryUtil.swift */ = {isa = PBXFileReference; fileEncoding = 4; lastKnownFileType = sourcecode.swift; path = DictionaryUtil.swift; sourceTree = "<group>"; };
		A4D0FF781A9C967100A28CBD /* TapPointView.swift */ = {isa = PBXFileReference; fileEncoding = 4; lastKnownFileType = sourcecode.swift; path = TapPointView.swift; sourceTree = "<group>"; };
		A4D3E4711AA76B25003883EF /* libMobClickLibrary.a */ = {isa = PBXFileReference; lastKnownFileType = archive.ar; path = libMobClickLibrary.a; sourceTree = "<group>"; };
		A4D3E4721AA76B25003883EF /* MobClick.h */ = {isa = PBXFileReference; fileEncoding = 4; lastKnownFileType = sourcecode.c.h; path = MobClick.h; sourceTree = "<group>"; };
		A4D3E4741AA76B48003883EF /* libz.dylib */ = {isa = PBXFileReference; lastKnownFileType = "compiled.mach-o.dylib"; name = libz.dylib; path = usr/lib/libz.dylib; sourceTree = SDKROOT; };
		A4D5EFA71AA0E302008E064C /* DateUtil.swift */ = {isa = PBXFileReference; fileEncoding = 4; lastKnownFileType = sourcecode.swift; path = DateUtil.swift; sourceTree = "<group>"; };
		A4D5EFAA1AA2F4CF008E064C /* Crypto.h */ = {isa = PBXFileReference; lastKnownFileType = sourcecode.c.h; path = Crypto.h; sourceTree = "<group>"; };
		A4D5EFAB1AA2F505008E064C /* Crypto.m */ = {isa = PBXFileReference; fileEncoding = 4; lastKnownFileType = sourcecode.c.objc; path = Crypto.m; sourceTree = "<group>"; };
		A4D5EFAD1AA2FF09008E064C /* RSA.h */ = {isa = PBXFileReference; lastKnownFileType = sourcecode.c.h; path = RSA.h; sourceTree = "<group>"; };
		A4D5EFAE1AA2FF27008E064C /* RSA.m */ = {isa = PBXFileReference; fileEncoding = 4; lastKnownFileType = sourcecode.c.objc; path = RSA.m; sourceTree = "<group>"; };
		A4D5EFB01AA302A9008E064C /* PublicKey.swift */ = {isa = PBXFileReference; fileEncoding = 4; lastKnownFileType = sourcecode.swift; path = PublicKey.swift; sourceTree = "<group>"; };
		A4DFB85B1A9472F90086105C /* RegularExpression.swift */ = {isa = PBXFileReference; fileEncoding = 4; lastKnownFileType = sourcecode.swift; path = RegularExpression.swift; sourceTree = "<group>"; };
		A4DFB85D1A9480120086105C /* WordDetailDelegate.swift */ = {isa = PBXFileReference; fileEncoding = 4; lastKnownFileType = sourcecode.swift; path = WordDetailDelegate.swift; sourceTree = "<group>"; };
		A4DFB85F1A9487F50086105C /* SearchWordResultDelegate.swift */ = {isa = PBXFileReference; fileEncoding = 4; lastKnownFileType = sourcecode.swift; path = SearchWordResultDelegate.swift; sourceTree = "<group>"; };
		A4DFB8611A95BC400086105C /* LearnWordDelegate.swift */ = {isa = PBXFileReference; fileEncoding = 4; lastKnownFileType = sourcecode.swift; path = LearnWordDelegate.swift; sourceTree = "<group>"; };
		A4DFB8651A9610C10086105C /* ArticleForEnglishDelegate.swift */ = {isa = PBXFileReference; fileEncoding = 4; lastKnownFileType = sourcecode.swift; path = ArticleForEnglishDelegate.swift; sourceTree = "<group>"; };
		A4DFB8671A96214D0086105C /* ArticleForChineseDelegate.swift */ = {isa = PBXFileReference; fileEncoding = 4; lastKnownFileType = sourcecode.swift; path = ArticleForChineseDelegate.swift; sourceTree = "<group>"; };
		A4E9F2241A9E5130008FB300 /* FXBlurView.h */ = {isa = PBXFileReference; fileEncoding = 4; lastKnownFileType = sourcecode.c.h; path = FXBlurView.h; sourceTree = "<group>"; };
		A4E9F2251A9E5165008FB300 /* FXBlurView.m */ = {isa = PBXFileReference; fileEncoding = 4; lastKnownFileType = sourcecode.c.objc; path = FXBlurView.m; sourceTree = "<group>"; };
		A4E9F2281A9F0E3B008FB300 /* UAProgressView.h */ = {isa = PBXFileReference; lastKnownFileType = sourcecode.c.h; path = UAProgressView.h; sourceTree = "<group>"; };
		A4E9F2291A9F0E5F008FB300 /* UAProgressView.m */ = {isa = PBXFileReference; fileEncoding = 4; lastKnownFileType = sourcecode.c.objc; path = UAProgressView.m; sourceTree = "<group>"; };
		A4E9F22B1AA06DA1008FB300 /* Constant.swift */ = {isa = PBXFileReference; fileEncoding = 4; lastKnownFileType = sourcecode.swift; path = Constant.swift; sourceTree = "<group>"; };
		A4EBCE9C1A9795F6004AB958 /* Server.swift */ = {isa = PBXFileReference; fileEncoding = 4; lastKnownFileType = sourcecode.swift; path = Server.swift; sourceTree = "<group>"; };
		A4FE61321AA57FFB000198A6 /* SystemConfiguration.framework */ = {isa = PBXFileReference; lastKnownFileType = wrapper.framework; name = SystemConfiguration.framework; path = System/Library/Frameworks/SystemConfiguration.framework; sourceTree = SDKROOT; };
		A4FE61351AA5823C000198A6 /* Reachability.h */ = {isa = PBXFileReference; fileEncoding = 4; lastKnownFileType = sourcecode.c.h; path = Reachability.h; sourceTree = "<group>"; };
		A4FE61361AA5823C000198A6 /* Reachability.m */ = {isa = PBXFileReference; fileEncoding = 4; lastKnownFileType = sourcecode.c.objc; path = Reachability.m; sourceTree = "<group>"; };
/* End PBXFileReference section */

/* Begin PBXFrameworksBuildPhase section */
		A4A8B6011A7A563300C59E63 /* Frameworks */ = {
			isa = PBXFrameworksBuildPhase;
			buildActionMask = 2147483647;
			files = (
				A4D3E4751AA76B48003883EF /* libz.dylib in Frameworks */,
				A4FE61331AA57FFB000198A6 /* SystemConfiguration.framework in Frameworks */,
				A4D3E4731AA76B25003883EF /* libMobClickLibrary.a in Frameworks */,
				A44D1FC01A9A2E4D007F3F1E /* libsqlite3.dylib in Frameworks */,
			);
			runOnlyForDeploymentPostprocessing = 0;
		};
		A4A8B6161A7A563300C59E63 /* Frameworks */ = {
			isa = PBXFrameworksBuildPhase;
			buildActionMask = 2147483647;
			files = (
			);
			runOnlyForDeploymentPostprocessing = 0;
		};
/* End PBXFrameworksBuildPhase section */

/* Begin PBXGroup section */
		A42703601A7E668A005159AC /* Settings */ = {
			isa = PBXGroup;
			children = (
				A4E9F22B1AA06DA1008FB300 /* Constant.swift */,
				A42703631A7E7A42005159AC /* Color.swift */,
				A42703921A812AB0005159AC /* PageCode.swift */,
				A402249E1A83D39B006AF7E4 /* Fonts.swift */,
				A4541F8F1A84B01E00EAA761 /* Layer.swift */,
				A4B9B1331A8783FE004B7A20 /* Interaction.swift */,
				A4EBCE9C1A9795F6004AB958 /* Server.swift */,
				A482C83D1A98D226008D313A /* CacheKey.swift */,
				A44D1FDC1A9B1B72007F3F1E /* EventKey.swift */,
				A4D5EFB01AA302A9008E064C /* PublicKey.swift */,
			);
			name = Settings;
			sourceTree = "<group>";
		};
		A42703651A7F39CB005159AC /* Misc */ = {
			isa = PBXGroup;
			children = (
				A4D5EFA91AA2F4B5008E064C /* Crypto */,
				A42703661A7F39DD005159AC /* Util.swift */,
				A4DFB85B1A9472F90086105C /* RegularExpression.swift */,
				A4D0FF741A9B9A2500A28CBD /* Word.swift */,
				A4D0FF761A9BA8E600A28CBD /* DictionaryUtil.swift */,
				A4D5EFA71AA0E302008E064C /* DateUtil.swift */,
			);
			name = Misc;
			sourceTree = "<group>";
		};
		A44D1FC11A9A2EF7007F3F1E /* SQLite */ = {
			isa = PBXGroup;
			children = (
				A44D1FC21A9A2EF7007F3F1E /* Database.swift */,
				A44D1FC31A9A2EF7007F3F1E /* Expression.swift */,
				A44D1FC41A9A2EF7007F3F1E /* Functions.swift */,
				A44D1FC51A9A2EF7007F3F1E /* Info.plist */,
				A44D1FC61A9A2EF7007F3F1E /* Query.swift */,
				A44D1FC71A9A2EF7007F3F1E /* Schema.swift */,
				A44D1FC81A9A2EF7007F3F1E /* SQLite-Bridging-Header.h */,
				A44D1FC91A9A2EF7007F3F1E /* SQLite-Bridging.c */,
				A44D1FCA1A9A2EF7007F3F1E /* SQLite-Bridging.h */,
				A44D1FCB1A9A2EF7007F3F1E /* SQLite.swift.h */,
				A44D1FCC1A9A2EF7007F3F1E /* SQLite.xcconfig */,
				A44D1FCD1A9A2EF7007F3F1E /* Statement.swift */,
				A44D1FCE1A9A2EF7007F3F1E /* Value.swift */,
			);
			path = SQLite;
			sourceTree = "<group>";
		};
		A482C83F1A98E1AB008D313A /* CustomView */ = {
			isa = PBXGroup;
			children = (
				A4E9F2271A9F0E03008FB300 /* UAProgressView */,
				A4E9F2231A9E5109008FB300 /* FXBlurView */,
				A482C8401A98E1F4008D313A /* ErrorView.swift */,
				A4230E481A99C71000B31ECA /* SuccessView.swift */,
				A4D0FF781A9C967100A28CBD /* TapPointView.swift */,
			);
			name = CustomView;
			sourceTree = "<group>";
		};
		A4A8B5FB1A7A563300C59E63 = {
			isa = PBXGroup;
			children = (
				A4D3E4741AA76B48003883EF /* libz.dylib */,
				A4FE61321AA57FFB000198A6 /* SystemConfiguration.framework */,
				A44D1FDB1A9A2FEE007F3F1E /* Word-Bridging-Header.h */,
				A44D1FBF1A9A2E4D007F3F1E /* libsqlite3.dylib */,
				A48C26951A988EEC00CCAF74 /* playground.playground */,
				A4A8B6061A7A563300C59E63 /* words */,
				A4A8B61C1A7A563300C59E63 /* wordsTests */,
				A4A8B6051A7A563300C59E63 /* Products */,
			);
			sourceTree = "<group>";
		};
		A4A8B6051A7A563300C59E63 /* Products */ = {
			isa = PBXGroup;
			children = (
				A4A8B6041A7A563300C59E63 /* words.app */,
				A4A8B6191A7A563300C59E63 /* wordsTests.xctest */,
			);
			name = Products;
			sourceTree = "<group>";
		};
		A4A8B6061A7A563300C59E63 /* words */ = {
			isa = PBXGroup;
			children = (
				A4D3E4701AA76AE9003883EF /* Umeng */,
				A4FE61341AA58220000198A6 /* Reachablity */,
				A44D1FC11A9A2EF7007F3F1E /* SQLite */,
				A4A8B6071A7A563300C59E63 /* Supporting Files */,
				A4A8B6101A7A563300C59E63 /* Images.xcassets */,
				A482C83F1A98E1AB008D313A /* CustomView */,
				A42703651A7F39CB005159AC /* Misc */,
				A42703601A7E668A005159AC /* Settings */,
				A4A8B6311A7B663A00C59E63 /* Error.swift */,
				A4A8B62D1A7A633C00C59E63 /* API.swift */,
				A4A8B62F1A7AA1A100C59E63 /* APIDataDelegate.swift */,
				A4A8B6091A7A563300C59E63 /* AppDelegate.swift */,
				A42703791A7F7924005159AC /* ApplicationController.swift */,
				A427037B1A7FA272005159AC /* ArticleForChineseController.swift */,
				A427037D1A7FA38D005159AC /* ArticleForEnglishController.swift */,
				A427037F1A7FA462005159AC /* LearnWordController.swift */,
				A42703811A7FA4E2005159AC /* WordDetailController.swift */,
				A4DFB85D1A9480120086105C /* WordDetailDelegate.swift */,
				A4A8B6291A7A58E300C59E63 /* HomeController.swift */,
				A4A8B6351A7BB56200C59E63 /* DictionaryController.swift */,
				A4A8B62B1A7A59CB00C59E63 /* RankController.swift */,
				A42703831A7FB5F2005159AC /* StatisticsController.swift */,
				A42703851A7FB729005159AC /* SettingsController.swift */,
				A42703871A7FB7BE005159AC /* AccountController.swift */,
				A42703891A8092AF005159AC /* SearchWordResultController.swift */,
				A427038B1A809891005159AC /* HelpController.swift */,
				A427038D1A809D46005159AC /* FavouriteArticleController.swift */,
				A4541F911A850CF500EAA761 /* ChangePasswordController.swift */,
				A4541F931A851BE300EAA761 /* BuyHolyWaterController.swift */,
				A4541F951A85D16A00EAA761 /* HolyWaterInfoController.swift */,
				A4541F971A85D35500EAA761 /* RegisterController.swift */,
				A4541F991A85DD0F00EAA761 /* LoginController.swift */,
				A4B9B1351A87B71A004B7A20 /* DictionaryInfoController.swift */,
				A4A8B6121A7A563300C59E63 /* LaunchScreen.xib */,
				A4DFB85F1A9487F50086105C /* SearchWordResultDelegate.swift */,
				A4DFB8611A95BC400086105C /* LearnWordDelegate.swift */,
				A4DFB8651A9610C10086105C /* ArticleForEnglishDelegate.swift */,
				A4DFB8671A96214D0086105C /* ArticleForChineseDelegate.swift */,
				A4D09DDE1A99FEF500360AEB /* DictionaryInfoDelegate.swift */,
			);
			path = words;
			sourceTree = "<group>";
		};
		A4A8B6071A7A563300C59E63 /* Supporting Files */ = {
			isa = PBXGroup;
			children = (
				A4541F881A849A3400EAA761 /* 方正楷体简体.ttf */,
				A4A8B6081A7A563300C59E63 /* Info.plist */,
			);
			name = "Supporting Files";
			sourceTree = "<group>";
		};
		A4A8B61C1A7A563300C59E63 /* wordsTests */ = {
			isa = PBXGroup;
			children = (
				A4A8B61F1A7A563300C59E63 /* wordsTests.swift */,
				A4A8B61D1A7A563300C59E63 /* Supporting Files */,
			);
			path = wordsTests;
			sourceTree = "<group>";
		};
		A4A8B61D1A7A563300C59E63 /* Supporting Files */ = {
			isa = PBXGroup;
			children = (
				A4A8B61E1A7A563300C59E63 /* Info.plist */,
			);
			name = "Supporting Files";
			sourceTree = "<group>";
		};
		A4D3E4701AA76AE9003883EF /* Umeng */ = {
			isa = PBXGroup;
			children = (
				A4D3E4711AA76B25003883EF /* libMobClickLibrary.a */,
				A4D3E4721AA76B25003883EF /* MobClick.h */,
			);
			name = Umeng;
			sourceTree = "<group>";
		};
		A4D5EFA91AA2F4B5008E064C /* Crypto */ = {
			isa = PBXGroup;
			children = (
				A4D5EFAA1AA2F4CF008E064C /* Crypto.h */,
				A4D5EFAB1AA2F505008E064C /* Crypto.m */,
				A4D5EFAD1AA2FF09008E064C /* RSA.h */,
				A4D5EFAE1AA2FF27008E064C /* RSA.m */,
			);
			name = Crypto;
			sourceTree = "<group>";
		};
		A4E9F2231A9E5109008FB300 /* FXBlurView */ = {
			isa = PBXGroup;
			children = (
				A4E9F2241A9E5130008FB300 /* FXBlurView.h */,
				A4E9F2251A9E5165008FB300 /* FXBlurView.m */,
			);
			name = FXBlurView;
			sourceTree = "<group>";
		};
		A4E9F2271A9F0E03008FB300 /* UAProgressView */ = {
			isa = PBXGroup;
			children = (
				A4E9F2281A9F0E3B008FB300 /* UAProgressView.h */,
				A4E9F2291A9F0E5F008FB300 /* UAProgressView.m */,
			);
			name = UAProgressView;
			sourceTree = "<group>";
		};
		A4FE61341AA58220000198A6 /* Reachablity */ = {
			isa = PBXGroup;
			children = (
				A4FE61351AA5823C000198A6 /* Reachability.h */,
				A4FE61361AA5823C000198A6 /* Reachability.m */,
			);
			name = Reachablity;
			sourceTree = "<group>";
		};
/* End PBXGroup section */

/* Begin PBXNativeTarget section */
		A4A8B6031A7A563300C59E63 /* words */ = {
			isa = PBXNativeTarget;
			buildConfigurationList = A4A8B6231A7A563300C59E63 /* Build configuration list for PBXNativeTarget "words" */;
			buildPhases = (
				A4A8B6001A7A563300C59E63 /* Sources */,
				A4A8B6011A7A563300C59E63 /* Frameworks */,
				A4A8B6021A7A563300C59E63 /* Resources */,
				A44D1FBA1A9A2B85007F3F1E /* CopyFiles */,
			);
			buildRules = (
			);
			dependencies = (
			);
			name = words;
			productName = words;
			productReference = A4A8B6041A7A563300C59E63 /* words.app */;
			productType = "com.apple.product-type.application";
		};
		A4A8B6181A7A563300C59E63 /* wordsTests */ = {
			isa = PBXNativeTarget;
			buildConfigurationList = A4A8B6261A7A563300C59E63 /* Build configuration list for PBXNativeTarget "wordsTests" */;
			buildPhases = (
				A4A8B6151A7A563300C59E63 /* Sources */,
				A4A8B6161A7A563300C59E63 /* Frameworks */,
				A4A8B6171A7A563300C59E63 /* Resources */,
			);
			buildRules = (
			);
			dependencies = (
				A4A8B61B1A7A563300C59E63 /* PBXTargetDependency */,
			);
			name = wordsTests;
			productName = wordsTests;
			productReference = A4A8B6191A7A563300C59E63 /* wordsTests.xctest */;
			productType = "com.apple.product-type.bundle.unit-test";
		};
/* End PBXNativeTarget section */

/* Begin PBXProject section */
		A4A8B5FC1A7A563300C59E63 /* Project object */ = {
			isa = PBXProject;
			attributes = {
				LastUpgradeCheck = 0610;
				ORGANIZATIONNAME = shoyer;
				TargetAttributes = {
					A4A8B6031A7A563300C59E63 = {
						CreatedOnToolsVersion = 6.1.1;
					};
					A4A8B6181A7A563300C59E63 = {
						CreatedOnToolsVersion = 6.1.1;
						TestTargetID = A4A8B6031A7A563300C59E63;
					};
				};
			};
			buildConfigurationList = A4A8B5FF1A7A563300C59E63 /* Build configuration list for PBXProject "words" */;
			compatibilityVersion = "Xcode 3.2";
			developmentRegion = English;
			hasScannedForEncodings = 0;
			knownRegions = (
				en,
				Base,
				"zh-Hans",
			);
			mainGroup = A4A8B5FB1A7A563300C59E63;
			productRefGroup = A4A8B6051A7A563300C59E63 /* Products */;
			projectDirPath = "";
			projectRoot = "";
			targets = (
				A4A8B6031A7A563300C59E63 /* words */,
				A4A8B6181A7A563300C59E63 /* wordsTests */,
			);
		};
/* End PBXProject section */

/* Begin PBXResourcesBuildPhase section */
		A4A8B6021A7A563300C59E63 /* Resources */ = {
			isa = PBXResourcesBuildPhase;
			buildActionMask = 2147483647;
			files = (
				A44D1FD21A9A2EF7007F3F1E /* Info.plist in Resources */,
				A4A8B6141A7A563300C59E63 /* LaunchScreen.xib in Resources */,
				A44D1FD61A9A2EF7007F3F1E /* SQLite.xcconfig in Resources */,
				A4A8B6111A7A563300C59E63 /* Images.xcassets in Resources */,
				A4541F891A849A3400EAA761 /* 方正楷体简体.ttf in Resources */,
			);
			runOnlyForDeploymentPostprocessing = 0;
		};
		A4A8B6171A7A563300C59E63 /* Resources */ = {
			isa = PBXResourcesBuildPhase;
			buildActionMask = 2147483647;
			files = (
			);
			runOnlyForDeploymentPostprocessing = 0;
		};
/* End PBXResourcesBuildPhase section */

/* Begin PBXSourcesBuildPhase section */
		A4A8B6001A7A563300C59E63 /* Sources */ = {
			isa = PBXSourcesBuildPhase;
			buildActionMask = 2147483647;
			files = (
				A4A8B60A1A7A563300C59E63 /* AppDelegate.swift in Sources */,
				A4DFB8661A9610C10086105C /* ArticleForEnglishDelegate.swift in Sources */,
				A42703821A7FA4E2005159AC /* WordDetailController.swift in Sources */,
				A44D1FD01A9A2EF7007F3F1E /* Expression.swift in Sources */,
				A427038A1A8092AF005159AC /* SearchWordResultController.swift in Sources */,
				A4DFB8601A9487F50086105C /* SearchWordResultDelegate.swift in Sources */,
				A42703671A7F39DD005159AC /* Util.swift in Sources */,
				A427038E1A809D46005159AC /* FavouriteArticleController.swift in Sources */,
				A4D09DDF1A99FEF500360AEB /* DictionaryInfoDelegate.swift in Sources */,
				A4A8B62A1A7A58E300C59E63 /* HomeController.swift in Sources */,
				A4D5EFB11AA302A9008E064C /* PublicKey.swift in Sources */,
				A4D0FF791A9C967100A28CBD /* TapPointView.swift in Sources */,
				A44D1FD31A9A2EF7007F3F1E /* Query.swift in Sources */,
				A42703881A7FB7BE005159AC /* AccountController.swift in Sources */,
				A4B9B1341A8783FE004B7A20 /* Interaction.swift in Sources */,
				A427038C1A809891005159AC /* HelpController.swift in Sources */,
				A44D1FCF1A9A2EF7007F3F1E /* Database.swift in Sources */,
				A4D5EFA81AA0E302008E064C /* DateUtil.swift in Sources */,
				A44D1FD71A9A2EF7007F3F1E /* Statement.swift in Sources */,
				A4D5EFAF1AA2FF27008E064C /* RSA.m in Sources */,
				A44D1FD81A9A2EF7007F3F1E /* Value.swift in Sources */,
				A4B9B1361A87B71A004B7A20 /* DictionaryInfoController.swift in Sources */,
				A44D1FDD1A9B1B72007F3F1E /* EventKey.swift in Sources */,
				A44D1FD11A9A2EF7007F3F1E /* Functions.swift in Sources */,
				A4541F901A84B01E00EAA761 /* Layer.swift in Sources */,
				A4DFB8621A95BC400086105C /* LearnWordDelegate.swift in Sources */,
				A4E9F22C1AA06DA1008FB300 /* Constant.swift in Sources */,
				A482C8411A98E1F4008D313A /* ErrorView.swift in Sources */,
				A402249F1A83D39B006AF7E4 /* Fonts.swift in Sources */,
				A42703841A7FB5F2005159AC /* StatisticsController.swift in Sources */,
				A4A8B6361A7BB56200C59E63 /* DictionaryController.swift in Sources */,
				A4A8B62E1A7A633C00C59E63 /* API.swift in Sources */,
				A4541F9A1A85DD0F00EAA761 /* LoginController.swift in Sources */,
				A4541F961A85D16A00EAA761 /* HolyWaterInfoController.swift in Sources */,
				A4D0FF771A9BA8E600A28CBD /* DictionaryUtil.swift in Sources */,
				A427037E1A7FA38D005159AC /* ArticleForEnglishController.swift in Sources */,
				A4E9F22A1A9F0E5F008FB300 /* UAProgressView.m in Sources */,
				A4DFB85C1A9472F90086105C /* RegularExpression.swift in Sources */,
				A4541F921A850CF500EAA761 /* ChangePasswordController.swift in Sources */,
				A44D1FD51A9A2EF7007F3F1E /* SQLite-Bridging.c in Sources */,
				A4D5EFAC1AA2F505008E064C /* Crypto.m in Sources */,
				A4230E491A99C71000B31ECA /* SuccessView.swift in Sources */,
				A42703861A7FB729005159AC /* SettingsController.swift in Sources */,
				A427037A1A7F7924005159AC /* ApplicationController.swift in Sources */,
				A42703931A812AB0005159AC /* PageCode.swift in Sources */,
				A4A8B62C1A7A59CB00C59E63 /* RankController.swift in Sources */,
				A4D0FF751A9B9A2500A28CBD /* Word.swift in Sources */,
				A42703641A7E7A42005159AC /* Color.swift in Sources */,
				A4DFB85E1A9480120086105C /* WordDetailDelegate.swift in Sources */,
				A4FE61371AA5823C000198A6 /* Reachability.m in Sources */,
				A42703801A7FA462005159AC /* LearnWordController.swift in Sources */,
				A482C83E1A98D226008D313A /* CacheKey.swift in Sources */,
				A4A8B6321A7B663A00C59E63 /* Error.swift in Sources */,
				A4541F941A851BE300EAA761 /* BuyHolyWaterController.swift in Sources */,
				A4DFB8681A96214D0086105C /* ArticleForChineseDelegate.swift in Sources */,
				A427037C1A7FA272005159AC /* ArticleForChineseController.swift in Sources */,
				A4A8B6301A7AA1A100C59E63 /* APIDataDelegate.swift in Sources */,
				A4541F981A85D35500EAA761 /* RegisterController.swift in Sources */,
				A44D1FD41A9A2EF7007F3F1E /* Schema.swift in Sources */,
				A4EBCE9D1A9795F6004AB958 /* Server.swift in Sources */,
				A4E9F2261A9E5165008FB300 /* FXBlurView.m in Sources */,
			);
			runOnlyForDeploymentPostprocessing = 0;
		};
		A4A8B6151A7A563300C59E63 /* Sources */ = {
			isa = PBXSourcesBuildPhase;
			buildActionMask = 2147483647;
			files = (
				A4A8B6201A7A563300C59E63 /* wordsTests.swift in Sources */,
			);
			runOnlyForDeploymentPostprocessing = 0;
		};
/* End PBXSourcesBuildPhase section */

/* Begin PBXTargetDependency section */
		A4A8B61B1A7A563300C59E63 /* PBXTargetDependency */ = {
			isa = PBXTargetDependency;
			target = A4A8B6031A7A563300C59E63 /* words */;
			targetProxy = A4A8B61A1A7A563300C59E63 /* PBXContainerItemProxy */;
		};
/* End PBXTargetDependency section */

/* Begin PBXVariantGroup section */
		A4A8B6121A7A563300C59E63 /* LaunchScreen.xib */ = {
			isa = PBXVariantGroup;
			children = (
				A4A8B6131A7A563300C59E63 /* Base */,
			);
			name = LaunchScreen.xib;
			sourceTree = "<group>";
		};
/* End PBXVariantGroup section */

/* Begin XCBuildConfiguration section */
		A4A8B6211A7A563300C59E63 /* Debug */ = {
			isa = XCBuildConfiguration;
			buildSettings = {
				ALWAYS_SEARCH_USER_PATHS = NO;
				CLANG_CXX_LANGUAGE_STANDARD = "gnu++0x";
				CLANG_CXX_LIBRARY = "libc++";
				CLANG_ENABLE_MODULES = YES;
				CLANG_ENABLE_OBJC_ARC = YES;
				CLANG_WARN_BOOL_CONVERSION = YES;
				CLANG_WARN_CONSTANT_CONVERSION = YES;
				CLANG_WARN_DIRECT_OBJC_ISA_USAGE = YES_ERROR;
				CLANG_WARN_EMPTY_BODY = YES;
				CLANG_WARN_ENUM_CONVERSION = YES;
				CLANG_WARN_INT_CONVERSION = YES;
				CLANG_WARN_OBJC_ROOT_CLASS = YES_ERROR;
				CLANG_WARN_UNREACHABLE_CODE = YES;
				CLANG_WARN__DUPLICATE_METHOD_MATCH = YES;
				"CODE_SIGN_IDENTITY[sdk=iphoneos*]" = "iPhone Developer";
				COPY_PHASE_STRIP = NO;
				ENABLE_STRICT_OBJC_MSGSEND = YES;
				GCC_C_LANGUAGE_STANDARD = gnu99;
				GCC_DYNAMIC_NO_PIC = NO;
				GCC_OPTIMIZATION_LEVEL = 0;
				GCC_PREPROCESSOR_DEFINITIONS = (
					"DEBUG=1",
					"$(inherited)",
				);
				GCC_SYMBOLS_PRIVATE_EXTERN = NO;
				GCC_WARN_64_TO_32_BIT_CONVERSION = YES;
				GCC_WARN_ABOUT_RETURN_TYPE = YES_ERROR;
				GCC_WARN_UNDECLARED_SELECTOR = YES;
				GCC_WARN_UNINITIALIZED_AUTOS = YES_AGGRESSIVE;
				GCC_WARN_UNUSED_FUNCTION = YES;
				GCC_WARN_UNUSED_VARIABLE = YES;
				IPHONEOS_DEPLOYMENT_TARGET = 8.1;
				MTL_ENABLE_DEBUG_INFO = YES;
				ONLY_ACTIVE_ARCH = YES;
				SDKROOT = iphoneos;
				SWIFT_OPTIMIZATION_LEVEL = "-Onone";
			};
			name = Debug;
		};
		A4A8B6221A7A563300C59E63 /* Release */ = {
			isa = XCBuildConfiguration;
			buildSettings = {
				ALWAYS_SEARCH_USER_PATHS = NO;
				CLANG_CXX_LANGUAGE_STANDARD = "gnu++0x";
				CLANG_CXX_LIBRARY = "libc++";
				CLANG_ENABLE_MODULES = YES;
				CLANG_ENABLE_OBJC_ARC = YES;
				CLANG_WARN_BOOL_CONVERSION = YES;
				CLANG_WARN_CONSTANT_CONVERSION = YES;
				CLANG_WARN_DIRECT_OBJC_ISA_USAGE = YES_ERROR;
				CLANG_WARN_EMPTY_BODY = YES;
				CLANG_WARN_ENUM_CONVERSION = YES;
				CLANG_WARN_INT_CONVERSION = YES;
				CLANG_WARN_OBJC_ROOT_CLASS = YES_ERROR;
				CLANG_WARN_UNREACHABLE_CODE = YES;
				CLANG_WARN__DUPLICATE_METHOD_MATCH = YES;
				"CODE_SIGN_IDENTITY[sdk=iphoneos*]" = "iPhone Developer";
				COPY_PHASE_STRIP = YES;
				ENABLE_NS_ASSERTIONS = NO;
				ENABLE_STRICT_OBJC_MSGSEND = YES;
				GCC_C_LANGUAGE_STANDARD = gnu99;
				GCC_WARN_64_TO_32_BIT_CONVERSION = YES;
				GCC_WARN_ABOUT_RETURN_TYPE = YES_ERROR;
				GCC_WARN_UNDECLARED_SELECTOR = YES;
				GCC_WARN_UNINITIALIZED_AUTOS = YES_AGGRESSIVE;
				GCC_WARN_UNUSED_FUNCTION = YES;
				GCC_WARN_UNUSED_VARIABLE = YES;
				IPHONEOS_DEPLOYMENT_TARGET = 8.1;
				MTL_ENABLE_DEBUG_INFO = NO;
				SDKROOT = iphoneos;
				VALIDATE_PRODUCT = YES;
			};
			name = Release;
		};
		A4A8B6241A7A563300C59E63 /* Debug */ = {
			isa = XCBuildConfiguration;
			buildSettings = {
				ASSETCATALOG_COMPILER_APPICON_NAME = AppIcon;
				ASSETCATALOG_COMPILER_LAUNCHIMAGE_NAME = LaunchImage;
				CODE_SIGN_IDENTITY = "iPhone Developer: Lingzhao Mao (SNS9L7K9T7)";
				FRAMEWORK_SEARCH_PATHS = (
					"$(inherited)",
					"$(USER_LIBRARY_DIR)/Developer/Xcode/DerivedData/words-gixhurlbsjkliddfjnpcbvpwfzzi/Build/Products/Debug",
					"$(PROJECT_DIR)/ShareSDK/Connection",
					"$(PROJECT_DIR)/ShareSDK/Core",
					"$(PROJECT_DIR)/ShareSDK/Extend/QQConnectSDK",
					"$(PROJECT_DIR)/ShareSDK/Extend/RenRenSDK",
					"$(PROJECT_DIR)/ShareSDK",
					"$(PROJECT_DIR)/ShareSDK/UI",
				);
				INFOPLIST_FILE = words/Info.plist;
				IPHONEOS_DEPLOYMENT_TARGET = 7.0;
				LD_RUNPATH_SEARCH_PATHS = "$(inherited) @executable_path/Frameworks";
				LIBRARY_SEARCH_PATHS = (
					"$(inherited)",
					"$(PROJECT_DIR)/ShareSDK/Extend/SinaWeiboSDK",
					"$(PROJECT_DIR)/ShareSDK/Extend/TencentWeiboSDK",
					"$(PROJECT_DIR)/ShareSDK/Extend/WeChatSDK",
					"$(PROJECT_DIR)/ShareSDK/Extend/YiXinSDK",
					"$(PROJECT_DIR)/words",
				);
				PRODUCT_NAME = "$(TARGET_NAME)";
				PROVISIONING_PROFILE = "0bf28be9-8119-4689-8c14-ad589623f991";
				SDKROOT = iphoneos;
				SWIFT_OBJC_BRIDGING_HEADER = "./words/Word-Bridging-Header.h";
			};
			name = Debug;
		};
		A4A8B6251A7A563300C59E63 /* Release */ = {
			isa = XCBuildConfiguration;
			buildSettings = {
				ASSETCATALOG_COMPILER_APPICON_NAME = AppIcon;
				ASSETCATALOG_COMPILER_LAUNCHIMAGE_NAME = LaunchImage;
				CODE_SIGN_IDENTITY = "iPhone Developer: Lingzhao Mao (SNS9L7K9T7)";
				FRAMEWORK_SEARCH_PATHS = (
					"$(inherited)",
					"$(USER_LIBRARY_DIR)/Developer/Xcode/DerivedData/words-gixhurlbsjkliddfjnpcbvpwfzzi/Build/Products/Debug",
					"$(PROJECT_DIR)/ShareSDK/Connection",
					"$(PROJECT_DIR)/ShareSDK/Core",
					"$(PROJECT_DIR)/ShareSDK/Extend/QQConnectSDK",
					"$(PROJECT_DIR)/ShareSDK/Extend/RenRenSDK",
					"$(PROJECT_DIR)/ShareSDK",
					"$(PROJECT_DIR)/ShareSDK/UI",
				);
				INFOPLIST_FILE = words/Info.plist;
				IPHONEOS_DEPLOYMENT_TARGET = 7.0;
				LD_RUNPATH_SEARCH_PATHS = "$(inherited) @executable_path/Frameworks";
				LIBRARY_SEARCH_PATHS = (
					"$(inherited)",
					"$(PROJECT_DIR)/ShareSDK/Extend/SinaWeiboSDK",
					"$(PROJECT_DIR)/ShareSDK/Extend/TencentWeiboSDK",
					"$(PROJECT_DIR)/ShareSDK/Extend/WeChatSDK",
					"$(PROJECT_DIR)/ShareSDK/Extend/YiXinSDK",
					"$(PROJECT_DIR)/words",
				);
				PRODUCT_NAME = "$(TARGET_NAME)";
				PROVISIONING_PROFILE = "0bf28be9-8119-4689-8c14-ad589623f991";
				SDKROOT = iphoneos;
				SWIFT_OBJC_BRIDGING_HEADER = "./words/Word-Bridging-Header.h";
			};
			name = Release;
		};
		A4A8B6271A7A563300C59E63 /* Debug */ = {
			isa = XCBuildConfiguration;
			buildSettings = {
				BUNDLE_LOADER = "$(TEST_HOST)";
				FRAMEWORK_SEARCH_PATHS = (
					"$(SDKROOT)/Developer/Library/Frameworks",
					"$(inherited)",
				);
				GCC_PREPROCESSOR_DEFINITIONS = (
					"DEBUG=1",
					"$(inherited)",
				);
				INFOPLIST_FILE = wordsTests/Info.plist;
				LD_RUNPATH_SEARCH_PATHS = "$(inherited) @executable_path/Frameworks @loader_path/Frameworks";
				PRODUCT_NAME = "$(TARGET_NAME)";
				TEST_HOST = "$(BUILT_PRODUCTS_DIR)/words.app/words";
			};
			name = Debug;
		};
		A4A8B6281A7A563300C59E63 /* Release */ = {
			isa = XCBuildConfiguration;
			buildSettings = {
				BUNDLE_LOADER = "$(TEST_HOST)";
				FRAMEWORK_SEARCH_PATHS = (
					"$(SDKROOT)/Developer/Library/Frameworks",
					"$(inherited)",
				);
				INFOPLIST_FILE = wordsTests/Info.plist;
				LD_RUNPATH_SEARCH_PATHS = "$(inherited) @executable_path/Frameworks @loader_path/Frameworks";
				PRODUCT_NAME = "$(TARGET_NAME)";
				TEST_HOST = "$(BUILT_PRODUCTS_DIR)/words.app/words";
			};
			name = Release;
		};
/* End XCBuildConfiguration section */

/* Begin XCConfigurationList section */
		A4A8B5FF1A7A563300C59E63 /* Build configuration list for PBXProject "words" */ = {
			isa = XCConfigurationList;
			buildConfigurations = (
				A4A8B6211A7A563300C59E63 /* Debug */,
				A4A8B6221A7A563300C59E63 /* Release */,
			);
			defaultConfigurationIsVisible = 0;
			defaultConfigurationName = Release;
		};
		A4A8B6231A7A563300C59E63 /* Build configuration list for PBXNativeTarget "words" */ = {
			isa = XCConfigurationList;
			buildConfigurations = (
				A4A8B6241A7A563300C59E63 /* Debug */,
				A4A8B6251A7A563300C59E63 /* Release */,
			);
			defaultConfigurationIsVisible = 0;
			defaultConfigurationName = Release;
		};
		A4A8B6261A7A563300C59E63 /* Build configuration list for PBXNativeTarget "wordsTests" */ = {
			isa = XCConfigurationList;
			buildConfigurations = (
				A4A8B6271A7A563300C59E63 /* Debug */,
				A4A8B6281A7A563300C59E63 /* Release */,
			);
			defaultConfigurationIsVisible = 0;
			defaultConfigurationName = Release;
		};
/* End XCConfigurationList section */
	};
	rootObject = A4A8B5FC1A7A563300C59E63 /* Project object */;
}
