// !$*UTF8*$!
{
	archiveVersion = 1;
	classes = {
	};
	objectVersion = 46;
	objects = {

/* Begin PBXBuildFile section */
		A42703641A7E7A42005159AC /* Color.swift in Sources */ = {isa = PBXBuildFile; fileRef = A42703631A7E7A42005159AC /* Color.swift */; };
		A42703671A7F39DD005159AC /* Util.swift in Sources */ = {isa = PBXBuildFile; fileRef = A42703661A7F39DD005159AC /* Util.swift */; };
		A427037A1A7F7924005159AC /* ApplicationController.swift in Sources */ = {isa = PBXBuildFile; fileRef = A42703791A7F7924005159AC /* ApplicationController.swift */; };
		A427037C1A7FA272005159AC /* ArticleForChineseController.swift in Sources */ = {isa = PBXBuildFile; fileRef = A427037B1A7FA272005159AC /* ArticleForChineseController.swift */; };
		A427037E1A7FA38D005159AC /* ArticleForEnglishController.swift in Sources */ = {isa = PBXBuildFile; fileRef = A427037D1A7FA38D005159AC /* ArticleForEnglishController.swift */; };
		A42703801A7FA462005159AC /* LearnWordController.swift in Sources */ = {isa = PBXBuildFile; fileRef = A427037F1A7FA462005159AC /* LearnWordController.swift */; };
		A42703821A7FA4E2005159AC /* WordDetailController.swift in Sources */ = {isa = PBXBuildFile; fileRef = A42703811A7FA4E2005159AC /* WordDetailController.swift */; };
		A42703841A7FB5F2005159AC /* StatisticsController.swift in Sources */ = {isa = PBXBuildFile; fileRef = A42703831A7FB5F2005159AC /* StatisticsController.swift */; };
		A42703861A7FB729005159AC /* SettingsController.swift in Sources */ = {isa = PBXBuildFile; fileRef = A42703851A7FB729005159AC /* SettingsController.swift */; };
		A42703881A7FB7BE005159AC /* AccountController.swift in Sources */ = {isa = PBXBuildFile; fileRef = A42703871A7FB7BE005159AC /* AccountController.swift */; };
		A4A8B60A1A7A563300C59E63 /* AppDelegate.swift in Sources */ = {isa = PBXBuildFile; fileRef = A4A8B6091A7A563300C59E63 /* AppDelegate.swift */; };
		A4A8B6111A7A563300C59E63 /* Images.xcassets in Resources */ = {isa = PBXBuildFile; fileRef = A4A8B6101A7A563300C59E63 /* Images.xcassets */; };
		A4A8B6141A7A563300C59E63 /* LaunchScreen.xib in Resources */ = {isa = PBXBuildFile; fileRef = A4A8B6121A7A563300C59E63 /* LaunchScreen.xib */; };
		A4A8B6201A7A563300C59E63 /* wordsTests.swift in Sources */ = {isa = PBXBuildFile; fileRef = A4A8B61F1A7A563300C59E63 /* wordsTests.swift */; };
		A4A8B62A1A7A58E300C59E63 /* HomeController.swift in Sources */ = {isa = PBXBuildFile; fileRef = A4A8B6291A7A58E300C59E63 /* HomeController.swift */; };
		A4A8B62C1A7A59CB00C59E63 /* RankController.swift in Sources */ = {isa = PBXBuildFile; fileRef = A4A8B62B1A7A59CB00C59E63 /* RankController.swift */; };
		A4A8B62E1A7A633C00C59E63 /* API.swift in Sources */ = {isa = PBXBuildFile; fileRef = A4A8B62D1A7A633C00C59E63 /* API.swift */; };
		A4A8B6301A7AA1A100C59E63 /* APIDataDelegate.swift in Sources */ = {isa = PBXBuildFile; fileRef = A4A8B62F1A7AA1A100C59E63 /* APIDataDelegate.swift */; };
		A4A8B6321A7B663A00C59E63 /* Error.swift in Sources */ = {isa = PBXBuildFile; fileRef = A4A8B6311A7B663A00C59E63 /* Error.swift */; };
		A4A8B6361A7BB56200C59E63 /* DictionaryController.swift in Sources */ = {isa = PBXBuildFile; fileRef = A4A8B6351A7BB56200C59E63 /* DictionaryController.swift */; };
/* End PBXBuildFile section */

/* Begin PBXContainerItemProxy section */
		A4A8B61A1A7A563300C59E63 /* PBXContainerItemProxy */ = {
			isa = PBXContainerItemProxy;
			containerPortal = A4A8B5FC1A7A563300C59E63 /* Project object */;
			proxyType = 1;
			remoteGlobalIDString = A4A8B6031A7A563300C59E63;
			remoteInfo = words;
		};
/* End PBXContainerItemProxy section */

/* Begin PBXFileReference section */
		A42703631A7E7A42005159AC /* Color.swift */ = {isa = PBXFileReference; fileEncoding = 4; lastKnownFileType = sourcecode.swift; path = Color.swift; sourceTree = "<group>"; };
		A42703661A7F39DD005159AC /* Util.swift */ = {isa = PBXFileReference; fileEncoding = 4; lastKnownFileType = sourcecode.swift; path = Util.swift; sourceTree = "<group>"; };
		A42703791A7F7924005159AC /* ApplicationController.swift */ = {isa = PBXFileReference; fileEncoding = 4; lastKnownFileType = sourcecode.swift; path = ApplicationController.swift; sourceTree = "<group>"; };
		A427037B1A7FA272005159AC /* ArticleForChineseController.swift */ = {isa = PBXFileReference; fileEncoding = 4; lastKnownFileType = sourcecode.swift; path = ArticleForChineseController.swift; sourceTree = "<group>"; };
		A427037D1A7FA38D005159AC /* ArticleForEnglishController.swift */ = {isa = PBXFileReference; fileEncoding = 4; lastKnownFileType = sourcecode.swift; path = ArticleForEnglishController.swift; sourceTree = "<group>"; };
		A427037F1A7FA462005159AC /* LearnWordController.swift */ = {isa = PBXFileReference; fileEncoding = 4; lastKnownFileType = sourcecode.swift; path = LearnWordController.swift; sourceTree = "<group>"; };
		A42703811A7FA4E2005159AC /* WordDetailController.swift */ = {isa = PBXFileReference; fileEncoding = 4; lastKnownFileType = sourcecode.swift; path = WordDetailController.swift; sourceTree = "<group>"; };
		A42703831A7FB5F2005159AC /* StatisticsController.swift */ = {isa = PBXFileReference; fileEncoding = 4; lastKnownFileType = sourcecode.swift; path = StatisticsController.swift; sourceTree = "<group>"; };
		A42703851A7FB729005159AC /* SettingsController.swift */ = {isa = PBXFileReference; fileEncoding = 4; lastKnownFileType = sourcecode.swift; path = SettingsController.swift; sourceTree = "<group>"; };
		A42703871A7FB7BE005159AC /* AccountController.swift */ = {isa = PBXFileReference; fileEncoding = 4; lastKnownFileType = sourcecode.swift; path = AccountController.swift; sourceTree = "<group>"; };
		A4A8B6041A7A563300C59E63 /* words.app */ = {isa = PBXFileReference; explicitFileType = wrapper.application; includeInIndex = 0; path = words.app; sourceTree = BUILT_PRODUCTS_DIR; };
		A4A8B6081A7A563300C59E63 /* Info.plist */ = {isa = PBXFileReference; lastKnownFileType = text.plist.xml; path = Info.plist; sourceTree = "<group>"; };
		A4A8B6091A7A563300C59E63 /* AppDelegate.swift */ = {isa = PBXFileReference; lastKnownFileType = sourcecode.swift; path = AppDelegate.swift; sourceTree = "<group>"; };
		A4A8B6101A7A563300C59E63 /* Images.xcassets */ = {isa = PBXFileReference; lastKnownFileType = folder.assetcatalog; path = Images.xcassets; sourceTree = "<group>"; };
		A4A8B6131A7A563300C59E63 /* Base */ = {isa = PBXFileReference; lastKnownFileType = file.xib; name = Base; path = Base.lproj/LaunchScreen.xib; sourceTree = "<group>"; };
		A4A8B6191A7A563300C59E63 /* wordsTests.xctest */ = {isa = PBXFileReference; explicitFileType = wrapper.cfbundle; includeInIndex = 0; path = wordsTests.xctest; sourceTree = BUILT_PRODUCTS_DIR; };
		A4A8B61E1A7A563300C59E63 /* Info.plist */ = {isa = PBXFileReference; lastKnownFileType = text.plist.xml; path = Info.plist; sourceTree = "<group>"; };
		A4A8B61F1A7A563300C59E63 /* wordsTests.swift */ = {isa = PBXFileReference; lastKnownFileType = sourcecode.swift; path = wordsTests.swift; sourceTree = "<group>"; };
		A4A8B6291A7A58E300C59E63 /* HomeController.swift */ = {isa = PBXFileReference; fileEncoding = 4; lastKnownFileType = sourcecode.swift; path = HomeController.swift; sourceTree = "<group>"; };
		A4A8B62B1A7A59CB00C59E63 /* RankController.swift */ = {isa = PBXFileReference; fileEncoding = 4; lastKnownFileType = sourcecode.swift; path = RankController.swift; sourceTree = "<group>"; };
		A4A8B62D1A7A633C00C59E63 /* API.swift */ = {isa = PBXFileReference; fileEncoding = 4; lastKnownFileType = sourcecode.swift; path = API.swift; sourceTree = "<group>"; };
		A4A8B62F1A7AA1A100C59E63 /* APIDataDelegate.swift */ = {isa = PBXFileReference; fileEncoding = 4; lastKnownFileType = sourcecode.swift; path = APIDataDelegate.swift; sourceTree = "<group>"; };
		A4A8B6311A7B663A00C59E63 /* Error.swift */ = {isa = PBXFileReference; fileEncoding = 4; lastKnownFileType = sourcecode.swift; path = Error.swift; sourceTree = "<group>"; };
		A4A8B6351A7BB56200C59E63 /* DictionaryController.swift */ = {isa = PBXFileReference; fileEncoding = 4; lastKnownFileType = sourcecode.swift; path = DictionaryController.swift; sourceTree = "<group>"; };
/* End PBXFileReference section */

/* Begin PBXFrameworksBuildPhase section */
		A4A8B6011A7A563300C59E63 /* Frameworks */ = {
			isa = PBXFrameworksBuildPhase;
			buildActionMask = 2147483647;
			files = (
			);
			runOnlyForDeploymentPostprocessing = 0;
		};
		A4A8B6161A7A563300C59E63 /* Frameworks */ = {
			isa = PBXFrameworksBuildPhase;
			buildActionMask = 2147483647;
			files = (
			);
			runOnlyForDeploymentPostprocessing = 0;
		};
/* End PBXFrameworksBuildPhase section */

/* Begin PBXGroup section */
		A42703601A7E668A005159AC /* Settings */ = {
			isa = PBXGroup;
			children = (
				A42703631A7E7A42005159AC /* Color.swift */,
			);
			name = Settings;
			sourceTree = "<group>";
		};
		A42703651A7F39CB005159AC /* Misc */ = {
			isa = PBXGroup;
			children = (
				A42703661A7F39DD005159AC /* Util.swift */,
			);
			name = Misc;
			sourceTree = "<group>";
		};
		A4A8B5FB1A7A563300C59E63 = {
			isa = PBXGroup;
			children = (
				A4A8B6061A7A563300C59E63 /* words */,
				A4A8B61C1A7A563300C59E63 /* wordsTests */,
				A4A8B6051A7A563300C59E63 /* Products */,
			);
			sourceTree = "<group>";
		};
		A4A8B6051A7A563300C59E63 /* Products */ = {
			isa = PBXGroup;
			children = (
				A4A8B6041A7A563300C59E63 /* words.app */,
				A4A8B6191A7A563300C59E63 /* wordsTests.xctest */,
			);
			name = Products;
			sourceTree = "<group>";
		};
		A4A8B6061A7A563300C59E63 /* words */ = {
			isa = PBXGroup;
			children = (
				A42703651A7F39CB005159AC /* Misc */,
				A42703601A7E668A005159AC /* Settings */,
				A4A8B6311A7B663A00C59E63 /* Error.swift */,
				A4A8B62D1A7A633C00C59E63 /* API.swift */,
				A4A8B62F1A7AA1A100C59E63 /* APIDataDelegate.swift */,
				A4A8B6091A7A563300C59E63 /* AppDelegate.swift */,
				A42703791A7F7924005159AC /* ApplicationController.swift */,
				A427037B1A7FA272005159AC /* ArticleForChineseController.swift */,
				A427037D1A7FA38D005159AC /* ArticleForEnglishController.swift */,
				A427037F1A7FA462005159AC /* LearnWordController.swift */,
				A42703811A7FA4E2005159AC /* WordDetailController.swift */,
				A4A8B6291A7A58E300C59E63 /* HomeController.swift */,
				A4A8B6351A7BB56200C59E63 /* DictionaryController.swift */,
				A4A8B62B1A7A59CB00C59E63 /* RankController.swift */,
				A4A8B6121A7A563300C59E63 /* LaunchScreen.xib */,
				A4A8B6101A7A563300C59E63 /* Images.xcassets */,
				A4A8B6071A7A563300C59E63 /* Supporting Files */,
				A42703831A7FB5F2005159AC /* StatisticsController.swift */,
				A42703851A7FB729005159AC /* SettingsController.swift */,
				A42703871A7FB7BE005159AC /* AccountController.swift */,
			);
			path = words;
			sourceTree = "<group>";
		};
		A4A8B6071A7A563300C59E63 /* Supporting Files */ = {
			isa = PBXGroup;
			children = (
				A4A8B6081A7A563300C59E63 /* Info.plist */,
			);
			name = "Supporting Files";
			sourceTree = "<group>";
		};
		A4A8B61C1A7A563300C59E63 /* wordsTests */ = {
			isa = PBXGroup;
			children = (
				A4A8B61F1A7A563300C59E63 /* wordsTests.swift */,
				A4A8B61D1A7A563300C59E63 /* Supporting Files */,
			);
			path = wordsTests;
			sourceTree = "<group>";
		};
		A4A8B61D1A7A563300C59E63 /* Supporting Files */ = {
			isa = PBXGroup;
			children = (
				A4A8B61E1A7A563300C59E63 /* Info.plist */,
			);
			name = "Supporting Files";
			sourceTree = "<group>";
		};
/* End PBXGroup section */

/* Begin PBXNativeTarget section */
		A4A8B6031A7A563300C59E63 /* words */ = {
			isa = PBXNativeTarget;
			buildConfigurationList = A4A8B6231A7A563300C59E63 /* Build configuration list for PBXNativeTarget "words" */;
			buildPhases = (
				A4A8B6001A7A563300C59E63 /* Sources */,
				A4A8B6011A7A563300C59E63 /* Frameworks */,
				A4A8B6021A7A563300C59E63 /* Resources */,
			);
			buildRules = (
			);
			dependencies = (
			);
			name = words;
			productName = words;
			productReference = A4A8B6041A7A563300C59E63 /* words.app */;
			productType = "com.apple.product-type.application";
		};
		A4A8B6181A7A563300C59E63 /* wordsTests */ = {
			isa = PBXNativeTarget;
			buildConfigurationList = A4A8B6261A7A563300C59E63 /* Build configuration list for PBXNativeTarget "wordsTests" */;
			buildPhases = (
				A4A8B6151A7A563300C59E63 /* Sources */,
				A4A8B6161A7A563300C59E63 /* Frameworks */,
				A4A8B6171A7A563300C59E63 /* Resources */,
			);
			buildRules = (
			);
			dependencies = (
				A4A8B61B1A7A563300C59E63 /* PBXTargetDependency */,
			);
			name = wordsTests;
			productName = wordsTests;
			productReference = A4A8B6191A7A563300C59E63 /* wordsTests.xctest */;
			productType = "com.apple.product-type.bundle.unit-test";
		};
/* End PBXNativeTarget section */

/* Begin PBXProject section */
		A4A8B5FC1A7A563300C59E63 /* Project object */ = {
			isa = PBXProject;
			attributes = {
				LastUpgradeCheck = 0610;
				ORGANIZATIONNAME = shoyer;
				TargetAttributes = {
					A4A8B6031A7A563300C59E63 = {
						CreatedOnToolsVersion = 6.1.1;
					};
					A4A8B6181A7A563300C59E63 = {
						CreatedOnToolsVersion = 6.1.1;
						TestTargetID = A4A8B6031A7A563300C59E63;
					};
				};
			};
			buildConfigurationList = A4A8B5FF1A7A563300C59E63 /* Build configuration list for PBXProject "words" */;
			compatibilityVersion = "Xcode 3.2";
			developmentRegion = English;
			hasScannedForEncodings = 0;
			knownRegions = (
				en,
				Base,
			);
			mainGroup = A4A8B5FB1A7A563300C59E63;
			productRefGroup = A4A8B6051A7A563300C59E63 /* Products */;
			projectDirPath = "";
			projectRoot = "";
			targets = (
				A4A8B6031A7A563300C59E63 /* words */,
				A4A8B6181A7A563300C59E63 /* wordsTests */,
			);
		};
/* End PBXProject section */

/* Begin PBXResourcesBuildPhase section */
		A4A8B6021A7A563300C59E63 /* Resources */ = {
			isa = PBXResourcesBuildPhase;
			buildActionMask = 2147483647;
			files = (
				A4A8B6141A7A563300C59E63 /* LaunchScreen.xib in Resources */,
				A4A8B6111A7A563300C59E63 /* Images.xcassets in Resources */,
			);
			runOnlyForDeploymentPostprocessing = 0;
		};
		A4A8B6171A7A563300C59E63 /* Resources */ = {
			isa = PBXResourcesBuildPhase;
			buildActionMask = 2147483647;
			files = (
			);
			runOnlyForDeploymentPostprocessing = 0;
		};
/* End PBXResourcesBuildPhase section */

/* Begin PBXSourcesBuildPhase section */
		A4A8B6001A7A563300C59E63 /* Sources */ = {
			isa = PBXSourcesBuildPhase;
			buildActionMask = 2147483647;
			files = (
				A4A8B60A1A7A563300C59E63 /* AppDelegate.swift in Sources */,
				A42703821A7FA4E2005159AC /* WordDetailController.swift in Sources */,
				A42703671A7F39DD005159AC /* Util.swift in Sources */,
				A4A8B62A1A7A58E300C59E63 /* HomeController.swift in Sources */,
				A42703881A7FB7BE005159AC /* AccountController.swift in Sources */,
				A42703841A7FB5F2005159AC /* StatisticsController.swift in Sources */,
				A4A8B6361A7BB56200C59E63 /* DictionaryController.swift in Sources */,
				A4A8B62E1A7A633C00C59E63 /* API.swift in Sources */,
				A427037E1A7FA38D005159AC /* ArticleForEnglishController.swift in Sources */,
				A42703861A7FB729005159AC /* SettingsController.swift in Sources */,
				A427037A1A7F7924005159AC /* ApplicationController.swift in Sources */,
				A4A8B62C1A7A59CB00C59E63 /* RankController.swift in Sources */,
				A42703641A7E7A42005159AC /* Color.swift in Sources */,
				A42703801A7FA462005159AC /* LearnWordController.swift in Sources */,
				A4A8B6321A7B663A00C59E63 /* Error.swift in Sources */,
				A427037C1A7FA272005159AC /* ArticleForChineseController.swift in Sources */,
				A4A8B6301A7AA1A100C59E63 /* APIDataDelegate.swift in Sources */,
			);
			runOnlyForDeploymentPostprocessing = 0;
		};
		A4A8B6151A7A563300C59E63 /* Sources */ = {
			isa = PBXSourcesBuildPhase;
			buildActionMask = 2147483647;
			files = (
				A4A8B6201A7A563300C59E63 /* wordsTests.swift in Sources */,
			);
			runOnlyForDeploymentPostprocessing = 0;
		};
/* End PBXSourcesBuildPhase section */

/* Begin PBXTargetDependency section */
		A4A8B61B1A7A563300C59E63 /* PBXTargetDependency */ = {
			isa = PBXTargetDependency;
			target = A4A8B6031A7A563300C59E63 /* words */;
			targetProxy = A4A8B61A1A7A563300C59E63 /* PBXContainerItemProxy */;
		};
/* End PBXTargetDependency section */

/* Begin PBXVariantGroup section */
		A4A8B6121A7A563300C59E63 /* LaunchScreen.xib */ = {
			isa = PBXVariantGroup;
			children = (
				A4A8B6131A7A563300C59E63 /* Base */,
			);
			name = LaunchScreen.xib;
			sourceTree = "<group>";
		};
/* End PBXVariantGroup section */

/* Begin XCBuildConfiguration section */
		A4A8B6211A7A563300C59E63 /* Debug */ = {
			isa = XCBuildConfiguration;
			buildSettings = {
				ALWAYS_SEARCH_USER_PATHS = NO;
				CLANG_CXX_LANGUAGE_STANDARD = "gnu++0x";
				CLANG_CXX_LIBRARY = "libc++";
				CLANG_ENABLE_MODULES = YES;
				CLANG_ENABLE_OBJC_ARC = YES;
				CLANG_WARN_BOOL_CONVERSION = YES;
				CLANG_WARN_CONSTANT_CONVERSION = YES;
				CLANG_WARN_DIRECT_OBJC_ISA_USAGE = YES_ERROR;
				CLANG_WARN_EMPTY_BODY = YES;
				CLANG_WARN_ENUM_CONVERSION = YES;
				CLANG_WARN_INT_CONVERSION = YES;
				CLANG_WARN_OBJC_ROOT_CLASS = YES_ERROR;
				CLANG_WARN_UNREACHABLE_CODE = YES;
				CLANG_WARN__DUPLICATE_METHOD_MATCH = YES;
				"CODE_SIGN_IDENTITY[sdk=iphoneos*]" = "iPhone Developer";
				COPY_PHASE_STRIP = NO;
				ENABLE_STRICT_OBJC_MSGSEND = YES;
				GCC_C_LANGUAGE_STANDARD = gnu99;
				GCC_DYNAMIC_NO_PIC = NO;
				GCC_OPTIMIZATION_LEVEL = 0;
				GCC_PREPROCESSOR_DEFINITIONS = (
					"DEBUG=1",
					"$(inherited)",
				);
				GCC_SYMBOLS_PRIVATE_EXTERN = NO;
				GCC_WARN_64_TO_32_BIT_CONVERSION = YES;
				GCC_WARN_ABOUT_RETURN_TYPE = YES_ERROR;
				GCC_WARN_UNDECLARED_SELECTOR = YES;
				GCC_WARN_UNINITIALIZED_AUTOS = YES_AGGRESSIVE;
				GCC_WARN_UNUSED_FUNCTION = YES;
				GCC_WARN_UNUSED_VARIABLE = YES;
				IPHONEOS_DEPLOYMENT_TARGET = 8.1;
				MTL_ENABLE_DEBUG_INFO = YES;
				ONLY_ACTIVE_ARCH = YES;
				SDKROOT = iphoneos;
				SWIFT_OPTIMIZATION_LEVEL = "-Onone";
			};
			name = Debug;
		};
		A4A8B6221A7A563300C59E63 /* Release */ = {
			isa = XCBuildConfiguration;
			buildSettings = {
				ALWAYS_SEARCH_USER_PATHS = NO;
				CLANG_CXX_LANGUAGE_STANDARD = "gnu++0x";
				CLANG_CXX_LIBRARY = "libc++";
				CLANG_ENABLE_MODULES = YES;
				CLANG_ENABLE_OBJC_ARC = YES;
				CLANG_WARN_BOOL_CONVERSION = YES;
				CLANG_WARN_CONSTANT_CONVERSION = YES;
				CLANG_WARN_DIRECT_OBJC_ISA_USAGE = YES_ERROR;
				CLANG_WARN_EMPTY_BODY = YES;
				CLANG_WARN_ENUM_CONVERSION = YES;
				CLANG_WARN_INT_CONVERSION = YES;
				CLANG_WARN_OBJC_ROOT_CLASS = YES_ERROR;
				CLANG_WARN_UNREACHABLE_CODE = YES;
				CLANG_WARN__DUPLICATE_METHOD_MATCH = YES;
				"CODE_SIGN_IDENTITY[sdk=iphoneos*]" = "iPhone Developer";
				COPY_PHASE_STRIP = YES;
				ENABLE_NS_ASSERTIONS = NO;
				ENABLE_STRICT_OBJC_MSGSEND = YES;
				GCC_C_LANGUAGE_STANDARD = gnu99;
				GCC_WARN_64_TO_32_BIT_CONVERSION = YES;
				GCC_WARN_ABOUT_RETURN_TYPE = YES_ERROR;
				GCC_WARN_UNDECLARED_SELECTOR = YES;
				GCC_WARN_UNINITIALIZED_AUTOS = YES_AGGRESSIVE;
				GCC_WARN_UNUSED_FUNCTION = YES;
				GCC_WARN_UNUSED_VARIABLE = YES;
				IPHONEOS_DEPLOYMENT_TARGET = 8.1;
				MTL_ENABLE_DEBUG_INFO = NO;
				SDKROOT = iphoneos;
				VALIDATE_PRODUCT = YES;
			};
			name = Release;
		};
		A4A8B6241A7A563300C59E63 /* Debug */ = {
			isa = XCBuildConfiguration;
			buildSettings = {
				ASSETCATALOG_COMPILER_APPICON_NAME = AppIcon;
				INFOPLIST_FILE = words/Info.plist;
				IPHONEOS_DEPLOYMENT_TARGET = 7.0;
				LD_RUNPATH_SEARCH_PATHS = "$(inherited) @executable_path/Frameworks";
				PRODUCT_NAME = "$(TARGET_NAME)";
			};
			name = Debug;
		};
		A4A8B6251A7A563300C59E63 /* Release */ = {
			isa = XCBuildConfiguration;
			buildSettings = {
				ASSETCATALOG_COMPILER_APPICON_NAME = AppIcon;
				INFOPLIST_FILE = words/Info.plist;
				IPHONEOS_DEPLOYMENT_TARGET = 7.0;
				LD_RUNPATH_SEARCH_PATHS = "$(inherited) @executable_path/Frameworks";
				PRODUCT_NAME = "$(TARGET_NAME)";
			};
			name = Release;
		};
		A4A8B6271A7A563300C59E63 /* Debug */ = {
			isa = XCBuildConfiguration;
			buildSettings = {
				BUNDLE_LOADER = "$(TEST_HOST)";
				FRAMEWORK_SEARCH_PATHS = (
					"$(SDKROOT)/Developer/Library/Frameworks",
					"$(inherited)",
				);
				GCC_PREPROCESSOR_DEFINITIONS = (
					"DEBUG=1",
					"$(inherited)",
				);
				INFOPLIST_FILE = wordsTests/Info.plist;
				LD_RUNPATH_SEARCH_PATHS = "$(inherited) @executable_path/Frameworks @loader_path/Frameworks";
				PRODUCT_NAME = "$(TARGET_NAME)";
				TEST_HOST = "$(BUILT_PRODUCTS_DIR)/words.app/words";
			};
			name = Debug;
		};
		A4A8B6281A7A563300C59E63 /* Release */ = {
			isa = XCBuildConfiguration;
			buildSettings = {
				BUNDLE_LOADER = "$(TEST_HOST)";
				FRAMEWORK_SEARCH_PATHS = (
					"$(SDKROOT)/Developer/Library/Frameworks",
					"$(inherited)",
				);
				INFOPLIST_FILE = wordsTests/Info.plist;
				LD_RUNPATH_SEARCH_PATHS = "$(inherited) @executable_path/Frameworks @loader_path/Frameworks";
				PRODUCT_NAME = "$(TARGET_NAME)";
				TEST_HOST = "$(BUILT_PRODUCTS_DIR)/words.app/words";
			};
			name = Release;
		};
/* End XCBuildConfiguration section */

/* Begin XCConfigurationList section */
		A4A8B5FF1A7A563300C59E63 /* Build configuration list for PBXProject "words" */ = {
			isa = XCConfigurationList;
			buildConfigurations = (
				A4A8B6211A7A563300C59E63 /* Debug */,
				A4A8B6221A7A563300C59E63 /* Release */,
			);
			defaultConfigurationIsVisible = 0;
			defaultConfigurationName = Release;
		};
		A4A8B6231A7A563300C59E63 /* Build configuration list for PBXNativeTarget "words" */ = {
			isa = XCConfigurationList;
			buildConfigurations = (
				A4A8B6241A7A563300C59E63 /* Debug */,
				A4A8B6251A7A563300C59E63 /* Release */,
			);
			defaultConfigurationIsVisible = 0;
			defaultConfigurationName = Release;
		};
		A4A8B6261A7A563300C59E63 /* Build configuration list for PBXNativeTarget "wordsTests" */ = {
			isa = XCConfigurationList;
			buildConfigurations = (
				A4A8B6271A7A563300C59E63 /* Debug */,
				A4A8B6281A7A563300C59E63 /* Release */,
			);
			defaultConfigurationIsVisible = 0;
			defaultConfigurationName = Release;
		};
/* End XCConfigurationList section */
	};
	rootObject = A4A8B5FC1A7A563300C59E63 /* Project object */;
}
